{
    "name": "uptime-kuma",
    "version": "2.5.1",
    "lockfileVersion": 3,
    "requires": true,
    "packages": {
        "": {
            "name": "uptime-kuma",
            "version": "2.5.1",
            "license": "MIT",
            "devDependencies": {},
            "engines": {
                "node": ">= 20.4.0"
            }
        },
        "node_modules/chownr": {
            "version": "2.0.0",
            "resolved": "https://registry.npmjs.org/chownr/-/chownr-2.0.0.tgz",
            "integrity": "sha512-bIomtDF5KGpdogkLd9VspvFzk9KfpyyGlS8YFVZl7TGPBHL5snIOnxeshwVgPteQ9b4Eydl+pVbIyE1DcvCWgQ==",
            "license": "ISC",
            "engines": {
                "node": ">=10"
            }
        },
        "node_modules/dotenv": {
            "version": "16.0.3",
            "resolved": "https://registry.npmjs.org/dotenv/-/dotenv-16.0.3.tgz",
            "integrity": "sha512-7GO6HghkA5fYG9TYnNxi14/7K9f5occMlp3zXAuSxn7CKCxt9xbNWG7yF8hTCSUchlfWSe3uLmlPfigevRItzQ==",
            "license": "BSD-2-Clause",
            "engines": {
                "node": ">=12"
            }
        },
        "node_modules/fs-minipass": {
            "version": "2.1.0",
            "resolved": "https://registry.npmjs.org/fs-minipass/-/fs-minipass-2.1.0.tgz",
            "integrity": "sha512-V/JgOLFCS+R6Vcq0slCuaeWEdNC3ouDlJMNIsacH2VtALiu9mV4LPrHc5cDl8k5aw6J8jwgWWpiTo5RYhmIzvg==",
            "license": "ISC",
            "dependencies": {
                "minipass": "^3.0.0"
            },
            "engines": {
                "node": ">= 8"
            }
        },
        "node_modules/fs-minipass/node_modules/minipass": {
            "version": "3.3.6",
            "resolved": "https://registry.npmjs.org/minipass/-/minipass-3.3.6.tgz",
            "integrity": "sha512-DxiNidxSEK+tHG6zOIklvNOwm3hvCrbUrdtzY74U6HKTJxvIDfOUL5W5P2Ghd3DTkhhKPYGqeNUIh5qcM4YBfw==",
            "license": "ISC",
            "dependencies": {
                "yallist": "^4.0.0"
            },
            "engines": {
                "node": ">=8"
            }
        },
        "node_modules/lru-cache": {
            "version": "6.0.0",
            "resolved": "https://registry.npmjs.org/lru-cache/-/lru-cache-6.0.0.tgz",
            "integrity": "sha512-Jo6dJ04CmSjuznwJSS3pUeWmd/H0ffTlkXXgwZi+eq1UCmqQwCh+eLsYOYCwY991i2Fah4h1BEMCx4qThGbsiA==",
            "license": "ISC",
            "dependencies": {
                "yallist": "^4.0.0"
            },
            "engines": {
                "node": ">=10"
            }
        },
        "node_modules/minipass": {
            "version": "5.0.0",
            "resolved": "https://registry.npmjs.org/minipass/-/minipass-5.0.0.tgz",
            "integrity": "sha512-3FnjYuehv9k6ovOEbyOswadCDPX1piCfhV8ncmYtHOjuPwylVWsghTLo7rabjC3Rx5xD4HDx8Wm1xnMF7S5qFQ==",
            "license": "ISC",
            "engines": {
                "node": ">=8"
            }
        },
        "node_modules/minizlib": {
            "version": "2.1.2",
            "resolved": "https://registry.npmjs.org/minizlib/-/minizlib-2.1.2.tgz",
            "integrity": "sha512-bAxsR8BVfj60DWXHE3u30oHzfl4G7khkSuPW+qvpd7jFRHm7dLxOjUk1EHACJ/hxLY8phGJ0YhYHZo7jil7Qdg==",
            "license": "MIT",
            "dependencies": {
                "minipass": "^3.0.0",
                "yallist": "^4.0.0"
            },
            "engines": {
                "node": ">= 8"
            }
        },
        "node_modules/minizlib/node_modules/minipass": {
            "version": "3.3.6",
            "resolved": "https://registry.npmjs.org/minipass/-/minipass-3.3.6.tgz",
            "integrity": "sha512-DxiNidxSEK+tHG6zOIklvNOwm3hvCrbUrdtzY74U6HKTJxvIDfOUL5W5P2Ghd3DTkhhKPYGqeNUIh5qcM4YBfw==",
            "license": "ISC",
            "dependencies": {
                "yallist": "^4.0.0"
            },
            "engines": {
                "node": ">=8"
            }
        },
        "node_modules/mkdirp": {
            "version": "1.0.4",
            "resolved": "https://registry.npmjs.org/mkdirp/-/mkdirp-1.0.4.tgz",
            "integrity": "sha512-vVqVZQyf3WLx2Shd0qJ9xuvqgAyKPLAiqITEtqW0oIUjzo3PePDd6fW9iFz30ef7Ysp/oiWqbhszeGWW2T6Gzw==",
            "license": "MIT",
            "bin": {
                "mkdirp": "bin/cmd.js"
            },
            "engines": {
                "node": ">=10"
            }
        },
        "node_modules/semver": {
            "version": "7.5.4",
            "resolved": "https://registry.npmjs.org/semver/-/semver-7.5.4.tgz",
            "integrity": "sha512-1bCSESV6Pv+i21Hvpxp3Dx+pSD8lIPt8uVjRrxAUt/nbswYc+tK6Y2btiULjd4+fnq15PX+nqQDC7Oft7WkwcA==",
            "license": "ISC",
            "dependencies": {
                "lru-cache": "^6.0.0"
            },
            "bin": {
                "semver": "bin/semver.js"
            },
            "engines": {
                "node": ">=10"
            }
        },
        "node_modules/tar": {
            "version": "6.2.1",
            "resolved": "https://registry.npmjs.org/tar/-/tar-6.2.1.tgz",
            "integrity": "sha512-DZ4yORTwrbTj/7MZYq2w+/ZFdI6OZ/f9SFHR+71gIVUZhOQPHzVCLpvRnPgyaMpfWxxk/4ONva3GQSyNIKRv6A==",
            "deprecated": "Old versions of tar are not supported, and contain widely publicized security vulnerabilities, which have been fixed in the current version. Please update. Support for old versions may be purchased (at exorbitant rates) by contacting i@izs.me",
            "license": "ISC",
            "dependencies": {
                "chownr": "^2.0.0",
                "fs-minipass": "^2.0.0",
                "minipass": "^5.0.0",
                "minizlib": "^2.1.1",
                "mkdirp": "^1.0.3",
                "yallist": "^4.0.0"
            },
            "engines": {
                "node": ">=10"
            }
        },
        "node_modules/yallist": {
            "version": "4.0.0",
            "resolved": "https://registry.npmjs.org/yallist/-/yallist-4.0.0.tgz",
            "integrity": "sha512-3wdGidZyq5PB084XLES5TpOSRA3wjXAlIWMhum2kRcv/41Sn2emQ0dycQW4uZXLejwKvg6EsvbdlVL+FYEct7A==",
            "license": "ISC"
        }
    }
}
