
Microsoft Visual Studio Solution File, Format Version 12.00
Project("{FAE04EC0-301F-11D3-BF4B-00C04F79EFBC}") = "UptimeKuma", "UptimeKuma.csproj", "{2DB53988-1D93-4AC0-90C4-96ADEAAC5C04}"
EndProject
Global
	GlobalSection(SolutionConfigurationPlatforms) = preSolution
		Debug|Any CPU = Debug|Any CPU
		Release|Any CPU = Release|Any CPU
	EndGlobalSection
	GlobalSection(ProjectConfigurationPlatforms) = postSolution
		{2DB53988-1D93-4AC0-90C4-96ADEAAC5C04}.Debug|Any CPU.ActiveCfg = Debug|Any CPU
		{2DB53988-1D93-4AC0-90C4-96ADEAAC5C04}.Debug|Any CPU.Build.0 = Debug|Any CPU
		{2DB53988-1D93-4AC0-90C4-96ADEAAC5C04}.Release|Any CPU.ActiveCfg = Release|Any CPU
		{2DB53988-1D93-4AC0-90C4-96ADEAAC5C04}.Release|Any CPU.Build.0 = Release|Any CPU
	EndGlobalSection
EndGlobal
